uuid: 54180c41-5412-4f76-a1ab-bb2413a92bd1
langcode: en
status: true
dependencies:
  module:
    - ritam
    - system
  theme:
    - olivero
id: olivero_welcomeroleblock
theme: olivero
region: content
weight: 0
provider: null
plugin: welcome_role_block
settings:
  id: welcome_role_block
  label: 'Welcome Role Block'
  label_display: visible
  provider: ritam
visibility:
  request_path:
    id: request_path
    negate: false
    pages: /welcome
